
Microsoft Visual Studio Solution File, Format Version 12.00
# Visual Studio Version 16
VisualStudioVersion = 16.0.31424.327
MinimumVisualStudioVersion = 10.0.40219.1
Project("{FAE04EC0-301F-11D3-BF4B-00C04F79EFBC}") = "NamedParameters", "NamedParameters\NamedParameters.csproj", "{721E3568-635B-42B7-8FA8-6B23FAB50FDE}"
EndProject
Global
	GlobalSection(SolutionConfigurationPlatforms) = preSolution
		Debug|Any CPU = Debug|Any CPU
		Release|Any CPU = Release|Any CPU
	EndGlobalSection
	GlobalSection(ProjectConfigurationPlatforms) = postSolution
		{721E3568-635B-42B7-8FA8-6B23FAB50FDE}.Debug|Any CPU.ActiveCfg = Debug|Any CPU
		{721E3568-635B-42B7-8FA8-6B23FAB50FDE}.Debug|Any CPU.Build.0 = Debug|Any CPU
		{721E3568-635B-42B7-8FA8-6B23FAB50FDE}.Release|Any CPU.ActiveCfg = Release|Any CPU
		{721E3568-635B-42B7-8FA8-6B23FAB50FDE}.Release|Any CPU.Build.0 = Release|Any CPU
	EndGlobalSection
	GlobalSection(SolutionProperties) = preSolution
		HideSolutionNode = FALSE
	EndGlobalSection
	GlobalSection(ExtensibilityGlobals) = postSolution
		SolutionGuid = {ADE5CAAD-096A-40ED-BD15-FDCA8199B25F}
	EndGlobalSection
EndGlobal
